# THIS IS AN AUTOGENERATED FILE. DO NOT EDIT THIS FILE DIRECTLY.
# yarn lockfile v1


vue-drawer-layout@^1.3.0:
  version "1.3.0"
  resolved "https://registry.yarnpkg.com/vue-drawer-layout/-/vue-drawer-layout-1.3.0.tgz#c95905b2110739771e65035b8162f94697b94a35"
  integrity sha512-htCu9a6QlvLzV9vZ89W3/jMa1YQO/ObSK4s5urae+hXOaVbf2fpJO/agVESQZsEPYkwbsjQY9EjsX1XNgv5yqg==
  dependencies:
    vue "^2.6.8"

vue-js-modal@^1.3.31:
  version "1.3.31"
  resolved "https://registry.yarnpkg.com/vue-js-modal/-/vue-js-modal-1.3.31.tgz#fdece823d4f2816c8b1075c1fd8f667df11f5a42"
  integrity sha512-gwt2904sWbMUuUcHwKQ510IEs4G7S3bqVWLYeTOc2eEyWMmmnT9UmojDsXIexFnPVM7cZTua37z3Jm/h0i0y8Q==

vue@^2.6.8:
  version "2.6.11"
  resolved "https://registry.yarnpkg.com/vue/-/vue-2.6.11.tgz#76594d877d4b12234406e84e35275c6d514125c5"
  integrity sha512-VfPwgcGABbGAue9+sfrD4PuwFar7gPb1yl1UK1MwXoQPAw0BKSqWfoYCT/ThFrdEVWoI51dBuyCoiNU9bZDZxQ==
